
Microsoft Visual Studio Solution File, Format Version 12.00
# Visual Studio Version 17
VisualStudioVersion = 17.0.31903.59
MinimumVisualStudioVersion = 10.0.40219.1
Project("{2150E333-8FDC-42A3-9474-1A3956D46DE8}") = "docs", "docs", "{6F0C7A7D-97FD-484C-ADD0-252E8188E616}"
	ProjectSection(SolutionItems) = preProject
		docs\00-VERIXORA-MASTER-SPECIFICATION.md = docs\00-VERIXORA-MASTER-SPECIFICATION.md
		docs\01-REQUIREMENTS-ASSESSMENT.md = docs\01-REQUIREMENTS-ASSESSMENT.md
		docs\02-ARCHITECTURE-DECISIONS.md = docs\02-ARCHITECTURE-DECISIONS.md
		docs\BACKEND-USE-CASES-AND-TESTS.md = docs\BACKEND-USE-CASES-AND-TESTS.md
		docs\INCIDENT RESPONSE RUNBOOK.md = docs\INCIDENT RESPONSE RUNBOOK.md
		docs\NEXT-ACTIONS.md = docs\NEXT-ACTIONS.md
		docs\PROJECT-LOG.md = docs\PROJECT-LOG.md
		docs\README.md = docs\README.md
		docs\ROADMAP.md = docs\ROADMAP.md
		docs\VALIDATION-SCRIPT-REQUIREMENTS.md = docs\VALIDATION-SCRIPT-REQUIREMENTS.md
	EndProjectSection
EndProject
Project("{2150E333-8FDC-42A3-9474-1A3956D46DE8}") = "ADR", "ADR", "{67557A88-6E34-493F-8036-8FC42B4CD8B6}"
EndProject
Project("{2150E333-8FDC-42A3-9474-1A3956D46DE8}") = "Architecture", "Architecture", "{AC13BB22-225F-4A36-9BDE-A513C75C66A9}"
EndProject
Project("{2150E333-8FDC-42A3-9474-1A3956D46DE8}") = "Domain", "Domain", "{C5454E7D-E467-4C6E-91BD-85C8EF45F5B4}"
	ProjectSection(SolutionItems) = preProject
		docs\Domain\Error-Code-Standards.md = docs\Domain\Error-Code-Standards.md
		docs\Domain\Usage-Patterns.md = docs\Domain\Usage-Patterns.md
		docs\Domain\User-Aggregate-Root-Design.md = docs\Domain\User-Aggregate-Root-Design.md
	EndProjectSection
EndProject
Project("{2150E333-8FDC-42A3-9474-1A3956D46DE8}") = "Iterations", "Iterations", "{BE1BD6E6-EE14-4E72-A4E7-0CFBC183B7DA}"
	ProjectSection(SolutionItems) = preProject
		docs\Iterations\ITERATION-0.md = docs\Iterations\ITERATION-0.md
		docs\Iterations\ITERATION-1.md = docs\Iterations\ITERATION-1.md
		docs\Iterations\ITERATION-2.md = docs\Iterations\ITERATION-2.md
		docs\Iterations\ITERATION-3.md = docs\Iterations\ITERATION-3.md
		docs\Iterations\ITERATION-4.md = docs\Iterations\ITERATION-4.md
		docs\Iterations\ITERATION-5.md = docs\Iterations\ITERATION-5.md
		docs\Iterations\ITERATION-6.md = docs\Iterations\ITERATION-6.md
	EndProjectSection
EndProject
Project("{2150E333-8FDC-42A3-9474-1A3956D46DE8}") = "Modules", "Modules", "{725A80B1-78B6-4B9E-898D-9F13E787852D}"
EndProject
Project("{2150E333-8FDC-42A3-9474-1A3956D46DE8}") = "Solution Items", "Solution Items", "{C45F8030-6D5B-4F1B-A82C-3879094E517E}"
	ProjectSection(SolutionItems) = preProject
		.dockerignore = .dockerignore
		.editorconfig = .editorconfig
		.gitignore = .gitignore
		Directory.Build.props = Directory.Build.props
		Directory.Packages.props = Directory.Packages.props
		docker-compose.yml = docker-compose.yml
		Dockerfile = Dockerfile
		global.json = global.json
		LICENSE = LICENSE
		nuget.config = nuget.config
		README.md = README.md
	EndProjectSection
EndProject
Project("{2150E333-8FDC-42A3-9474-1A3956D46DE8}") = "Project Tree", "Project Tree", "{25C4B4A5-D25B-489C-99D1-F7E60E82496F}"
	ProjectSection(SolutionItems) = preProject
		docs\Project Tree\VERIXORA BACKEND – COMPLETE FILE HIERARCHY (PART 1 OF 6).md = docs\Project Tree\VERIXORA BACKEND – COMPLETE FILE HIERARCHY (PART 1 OF 6).md
		docs\Project Tree\VERIXORA BACKEND – COMPLETE FILE HIERARCHY (PART 2 OF 6).md = docs\Project Tree\VERIXORA BACKEND – COMPLETE FILE HIERARCHY (PART 2 OF 6).md
		docs\Project Tree\VERIXORA BACKEND – COMPLETE FILE HIERARCHY (PART 3 OF 6).md = docs\Project Tree\VERIXORA BACKEND – COMPLETE FILE HIERARCHY (PART 3 OF 6).md
		docs\Project Tree\VERIXORA BACKEND – COMPLETE FILE HIERARCHY (PART 4 OF 6).md = docs\Project Tree\VERIXORA BACKEND – COMPLETE FILE HIERARCHY (PART 4 OF 6).md
		docs\Project Tree\VERIXORA BACKEND – COMPLETE FILE HIERARCHY (PART 5 OF 6).md = docs\Project Tree\VERIXORA BACKEND – COMPLETE FILE HIERARCHY (PART 5 OF 6).md
		docs\Project Tree\VERIXORA BACKEND – COMPLETE FILE HIERARCHY (PART 6 OF 6).md = docs\Project Tree\VERIXORA BACKEND – COMPLETE FILE HIERARCHY (PART 6 OF 6).md
	EndProjectSection
EndProject
Project("{2150E333-8FDC-42A3-9474-1A3956D46DE8}") = "src", "src", "{02EA681E-C7D8-13C7-8484-4AC65E1B71E8}"
EndProject
Project("{2150E333-8FDC-42A3-9474-1A3956D46DE8}") = "SharedKernel", "SharedKernel", "{028AAFA4-10B8-48D2-A937-2FFDE5BAD1BF}"
EndProject
Project("{2150E333-8FDC-42A3-9474-1A3956D46DE8}") = "SharedKernel.Domain", "SharedKernel.Domain", "{C41F91CF-AB79-481D-93B0-061F81FA18EB}"
EndProject
Project("{FAE04EC0-301F-11D3-BF4B-00C04F79EFBC}") = "SharedKernel.Domain", "SharedKernel.Domain\SharedKernel.Domain.csproj", "{168403D1-2558-488A-82EC-449AD7D28726}"
EndProject
Global
	GlobalSection(SolutionConfigurationPlatforms) = preSolution
		Debug|Any CPU = Debug|Any CPU
		Release|Any CPU = Release|Any CPU
	EndGlobalSection
	GlobalSection(ProjectConfigurationPlatforms) = postSolution
		{168403D1-2558-488A-82EC-449AD7D28726}.Debug|Any CPU.ActiveCfg = Debug|Any CPU
		{168403D1-2558-488A-82EC-449AD7D28726}.Debug|Any CPU.Build.0 = Debug|Any CPU
		{168403D1-2558-488A-82EC-449AD7D28726}.Release|Any CPU.ActiveCfg = Release|Any CPU
		{168403D1-2558-488A-82EC-449AD7D28726}.Release|Any CPU.Build.0 = Release|Any CPU
	EndGlobalSection
	GlobalSection(SolutionProperties) = preSolution
		HideSolutionNode = FALSE
	EndGlobalSection
	GlobalSection(NestedProjects) = preSolution
		{67557A88-6E34-493F-8036-8FC42B4CD8B6} = {6F0C7A7D-97FD-484C-ADD0-252E8188E616}
		{AC13BB22-225F-4A36-9BDE-A513C75C66A9} = {6F0C7A7D-97FD-484C-ADD0-252E8188E616}
		{C5454E7D-E467-4C6E-91BD-85C8EF45F5B4} = {6F0C7A7D-97FD-484C-ADD0-252E8188E616}
		{BE1BD6E6-EE14-4E72-A4E7-0CFBC183B7DA} = {6F0C7A7D-97FD-484C-ADD0-252E8188E616}
		{725A80B1-78B6-4B9E-898D-9F13E787852D} = {6F0C7A7D-97FD-484C-ADD0-252E8188E616}
		{25C4B4A5-D25B-489C-99D1-F7E60E82496F} = {6F0C7A7D-97FD-484C-ADD0-252E8188E616}
		{028AAFA4-10B8-48D2-A937-2FFDE5BAD1BF} = {02EA681E-C7D8-13C7-8484-4AC65E1B71E8}
		{C41F91CF-AB79-481D-93B0-061F81FA18EB} = {028AAFA4-10B8-48D2-A937-2FFDE5BAD1BF}
		{168403D1-2558-488A-82EC-449AD7D28726} = {C41F91CF-AB79-481D-93B0-061F81FA18EB}
	EndGlobalSection
	GlobalSection(ExtensibilityGlobals) = postSolution
		SolutionGuid = {6EDB1AD4-14DB-4CFE-B5D9-5E4BD4C0D3BC}
	EndGlobalSection
EndGlobal
