
Microsoft Visual Studio Solution File, Format Version 12.00
# Visual Studio Version 17
VisualStudioVersion = 17.0.31903.59
MinimumVisualStudioVersion = 10.0.40219.1
Project("{2150E333-8FDC-42A3-9474-1A3956D46DE8}") = "src", "src", "{3F211ABF-35E8-47A0-A27E-B879B87BA948}"
EndProject
Project("{FAE04EC0-301F-11D3-BF4B-00C04F79EFBC}") = "SharedKernel.Domain", "src\SharedKernel.Domain\SharedKernel.Domain.csproj", "{08D8D8F9-C3F9-4740-AFA4-2D5B7770AA0D}"
EndProject
Project("{FAE04EC0-301F-11D3-BF4B-00C04F79EFBC}") = "SharedKernel.Application", "src\SharedKernel.Application\SharedKernel.Application.csproj", "{AE91AC65-D308-4660-85CA-4CEF5BFD3664}"
EndProject
Project("{FAE04EC0-301F-11D3-BF4B-00C04F79EFBC}") = "BuildingBlocks.Infrastructure", "src\BuildingBlocks.Infrastructure\BuildingBlocks.Infrastructure.csproj", "{297FFEC0-2EAE-4D87-9247-45C04E76CD23}"
EndProject
Project("{FAE04EC0-301F-11D3-BF4B-00C04F79EFBC}") = "BuildingBlocks.Messaging", "src\BuildingBlocks.Messaging\BuildingBlocks.Messaging.csproj", "{DF516F55-CF69-4ADD-B434-0CE8D331095A}"
EndProject
Project("{FAE04EC0-301F-11D3-BF4B-00C04F79EFBC}") = "BuildingBlocks.Security", "src\BuildingBlocks.Security\BuildingBlocks.Security.csproj", "{82F30EC3-1C58-4217-8372-BBF4210246F8}"
EndProject
Project("{2150E333-8FDC-42A3-9474-1A3956D46DE8}") = "Modules", "Modules", "{11B70084-7938-410E-8038-FCF6D66CCE26}"
EndProject
Project("{2150E333-8FDC-42A3-9474-1A3956D46DE8}") = "Identity", "Identity", "{9FBF2326-6EE4-4BDC-A445-9E5BE663BF60}"
EndProject
Project("{FAE04EC0-301F-11D3-BF4B-00C04F79EFBC}") = "Identity.Domain", "src\Modules\Identity\Identity.Domain\Identity.Domain.csproj", "{C3E66231-3756-4C8F-9193-ACCEBA9A6230}"
EndProject
Project("{FAE04EC0-301F-11D3-BF4B-00C04F79EFBC}") = "Identity.Application", "src\Modules\Identity\Identity.Application\Identity.Application.csproj", "{5F661CAA-245C-42AB-A585-839A88B51FD2}"
EndProject
Project("{FAE04EC0-301F-11D3-BF4B-00C04F79EFBC}") = "Identity.Infrastructure", "src\Modules\Identity\Identity.Infrastructure\Identity.Infrastructure.csproj", "{552C1A5C-8598-4DD8-B53B-9CC12207B110}"
EndProject
Project("{FAE04EC0-301F-11D3-BF4B-00C04F79EFBC}") = "Identity.Presentation", "src\Modules\Identity\Identity.Presentation\Identity.Presentation.csproj", "{DBBE04DB-925D-4B68-82E1-3D60D4A85065}"
EndProject
Project("{2150E333-8FDC-42A3-9474-1A3956D46DE8}") = "Authorization", "Authorization", "{5CD6E8EF-9DE5-4844-8FA9-C64233F2A5BB}"
EndProject
Project("{FAE04EC0-301F-11D3-BF4B-00C04F79EFBC}") = "Authorization.Domain", "src\Modules\Authorization\Authorization.Domain\Authorization.Domain.csproj", "{1CEE9292-6BC4-4067-AAD0-F84AB485C453}"
EndProject
Project("{FAE04EC0-301F-11D3-BF4B-00C04F79EFBC}") = "Authorization.Application", "src\Modules\Authorization\Authorization.Application\Authorization.Application.csproj", "{6832BDE8-319C-4691-99F4-42BC8E8B930F}"
EndProject
Project("{FAE04EC0-301F-11D3-BF4B-00C04F79EFBC}") = "Authorization.Infrastructure", "src\Modules\Authorization\Authorization.Infrastructure\Authorization.Infrastructure.csproj", "{70002D58-CE1B-4F78-A5FE-837C68712669}"
EndProject
Project("{FAE04EC0-301F-11D3-BF4B-00C04F79EFBC}") = "Authorization.Presentation", "src\Modules\Authorization\Authorization.Presentation\Authorization.Presentation.csproj", "{C95CB3BF-5FD2-4DF1-A04B-B19F50FB9C39}"
EndProject
Project("{2150E333-8FDC-42A3-9474-1A3956D46DE8}") = "Devices", "Devices", "{3EE31C53-D0FF-4DDF-BE7A-ED308CB96B4F}"
EndProject
Project("{FAE04EC0-301F-11D3-BF4B-00C04F79EFBC}") = "Devices.Domain", "src\Modules\Devices\Devices.Domain\Devices.Domain.csproj", "{FA66DC31-CC70-451E-A287-53F460BB5529}"
EndProject
Project("{FAE04EC0-301F-11D3-BF4B-00C04F79EFBC}") = "Devices.Application", "src\Modules\Devices\Devices.Application\Devices.Application.csproj", "{5B22F6DC-4FBC-43C1-A31B-314AEFEA3B4A}"
EndProject
Project("{FAE04EC0-301F-11D3-BF4B-00C04F79EFBC}") = "Devices.Infrastructure", "src\Modules\Devices\Devices.Infrastructure\Devices.Infrastructure.csproj", "{1959FF8E-F7FA-4ED7-9408-811C8C6ADBF6}"
EndProject
Project("{FAE04EC0-301F-11D3-BF4B-00C04F79EFBC}") = "Devices.Presentation", "src\Modules\Devices\Devices.Presentation\Devices.Presentation.csproj", "{FCA9838E-7CF3-4695-A0E7-4D9E4EA046A0}"
EndProject
Project("{2150E333-8FDC-42A3-9474-1A3956D46DE8}") = "SmartLocks", "SmartLocks", "{A4EF5FF4-D30E-4B68-8577-1AB62EC6ABEF}"
EndProject
Project("{FAE04EC0-301F-11D3-BF4B-00C04F79EFBC}") = "SmartLocks.Domain", "src\Modules\SmartLocks\SmartLocks.Domain\SmartLocks.Domain.csproj", "{0CE87704-28AC-45EE-885D-2B0825DDBC07}"
EndProject
Project("{FAE04EC0-301F-11D3-BF4B-00C04F79EFBC}") = "SmartLocks.Application", "src\Modules\SmartLocks\SmartLocks.Application\SmartLocks.Application.csproj", "{ADA6F819-D9A3-4036-9717-B4994070DE02}"
EndProject
Project("{FAE04EC0-301F-11D3-BF4B-00C04F79EFBC}") = "SmartLocks.Infrastructure", "src\Modules\SmartLocks\SmartLocks.Infrastructure\SmartLocks.Infrastructure.csproj", "{416B9076-769A-4195-B844-505CE67B7C26}"
EndProject
Project("{FAE04EC0-301F-11D3-BF4B-00C04F79EFBC}") = "SmartLocks.Presentation", "src\Modules\SmartLocks\SmartLocks.Presentation\SmartLocks.Presentation.csproj", "{F885344B-196F-44C4-B52E-A093C94DB8C7}"
EndProject
Project("{2150E333-8FDC-42A3-9474-1A3956D46DE8}") = "Provisioning", "Provisioning", "{52CDB022-A3E0-42D0-B452-E9B3BDF8BF0F}"
EndProject
Project("{FAE04EC0-301F-11D3-BF4B-00C04F79EFBC}") = "Provisioning.Domain", "src\Modules\Provisioning\Provisioning.Domain\Provisioning.Domain.csproj", "{1CF99E4A-EA71-42FC-9F4D-6BF61CF50894}"
EndProject
Project("{FAE04EC0-301F-11D3-BF4B-00C04F79EFBC}") = "Provisioning.Application", "src\Modules\Provisioning\Provisioning.Application\Provisioning.Application.csproj", "{0418AD9A-D0F7-4219-B721-83FE95261B8C}"
EndProject
Project("{FAE04EC0-301F-11D3-BF4B-00C04F79EFBC}") = "Provisioning.Infrastructure", "src\Modules\Provisioning\Provisioning.Infrastructure\Provisioning.Infrastructure.csproj", "{18D3D0EB-A61D-4E2E-896E-F5B976FD25E2}"
EndProject
Project("{FAE04EC0-301F-11D3-BF4B-00C04F79EFBC}") = "Provisioning.Presentation", "src\Modules\Provisioning\Provisioning.Presentation\Provisioning.Presentation.csproj", "{170F2575-6F47-4DBD-81B9-94C59F5F88AA}"
EndProject
Project("{2150E333-8FDC-42A3-9474-1A3956D46DE8}") = "Monitoring", "Monitoring", "{B8151A54-0ABC-4E5D-BC4A-F5FD4CC5FC0C}"
EndProject
Project("{FAE04EC0-301F-11D3-BF4B-00C04F79EFBC}") = "Monitoring.Domain", "src\Modules\Monitoring\Monitoring.Domain\Monitoring.Domain.csproj", "{7E20B996-EA3E-451F-A9E5-DA1F61D00DC7}"
EndProject
Project("{FAE04EC0-301F-11D3-BF4B-00C04F79EFBC}") = "Monitoring.Application", "src\Modules\Monitoring\Monitoring.Application\Monitoring.Application.csproj", "{6EFCD445-13A1-4879-A9D3-560D17F6E760}"
EndProject
Project("{FAE04EC0-301F-11D3-BF4B-00C04F79EFBC}") = "Monitoring.Infrastructure", "src\Modules\Monitoring\Monitoring.Infrastructure\Monitoring.Infrastructure.csproj", "{8C5C7720-9F60-4AC5-BA1A-DB0CEAA58DD0}"
EndProject
Project("{FAE04EC0-301F-11D3-BF4B-00C04F79EFBC}") = "Monitoring.Presentation", "src\Modules\Monitoring\Monitoring.Presentation\Monitoring.Presentation.csproj", "{60C7F5A0-4530-46CF-8368-75578B167766}"
EndProject
Project("{2150E333-8FDC-42A3-9474-1A3956D46DE8}") = "Notifications", "Notifications", "{874C191B-54CC-4B2C-984C-86238E61C2E1}"
EndProject
Project("{FAE04EC0-301F-11D3-BF4B-00C04F79EFBC}") = "Notifications.Domain", "src\Modules\Notifications\Notifications.Domain\Notifications.Domain.csproj", "{567BF0F1-8E6C-4417-868C-ABCC7DA8DEBD}"
EndProject
Project("{FAE04EC0-301F-11D3-BF4B-00C04F79EFBC}") = "Notifications.Application", "src\Modules\Notifications\Notifications.Application\Notifications.Application.csproj", "{A91D8DAC-7D9D-476F-BF66-1B6883DEDD7D}"
EndProject
Project("{FAE04EC0-301F-11D3-BF4B-00C04F79EFBC}") = "Notifications.Infrastructure", "src\Modules\Notifications\Notifications.Infrastructure\Notifications.Infrastructure.csproj", "{75BFCFCB-A18D-4E0D-B006-B05DAD6721A1}"
EndProject
Project("{FAE04EC0-301F-11D3-BF4B-00C04F79EFBC}") = "Notifications.Presentation", "src\Modules\Notifications\Notifications.Presentation\Notifications.Presentation.csproj", "{74AC2BCC-EE4D-4DC4-9ACD-D7AA7CA7A0BE}"
EndProject
Project("{2150E333-8FDC-42A3-9474-1A3956D46DE8}") = "Sessions", "Sessions", "{5170FEE1-27FB-47FB-A58F-CE1CF5B15DC8}"
EndProject
Project("{FAE04EC0-301F-11D3-BF4B-00C04F79EFBC}") = "Sessions.Domain", "src\Modules\Sessions\Sessions.Domain\Sessions.Domain.csproj", "{314AC2CF-9F6C-40BC-B829-C6677DF01874}"
EndProject
Project("{FAE04EC0-301F-11D3-BF4B-00C04F79EFBC}") = "Sessions.Application", "src\Modules\Sessions\Sessions.Application\Sessions.Application.csproj", "{826BCFF5-21D4-4019-B18C-BFD7A7F6D2BD}"
EndProject
Project("{FAE04EC0-301F-11D3-BF4B-00C04F79EFBC}") = "Sessions.Infrastructure", "src\Modules\Sessions\Sessions.Infrastructure\Sessions.Infrastructure.csproj", "{09702EF5-D4B5-4A14-AF74-5560E6CCF4FC}"
EndProject
Project("{FAE04EC0-301F-11D3-BF4B-00C04F79EFBC}") = "Sessions.Presentation", "src\Modules\Sessions\Sessions.Presentation\Sessions.Presentation.csproj", "{BAEBA33F-8B3E-4F0E-87FC-E29A30823AF1}"
EndProject
Project("{2150E333-8FDC-42A3-9474-1A3956D46DE8}") = "AuditLogs", "AuditLogs", "{CFA5587D-FECC-4B24-A1C8-69F76AAA4C58}"
EndProject
Project("{FAE04EC0-301F-11D3-BF4B-00C04F79EFBC}") = "AuditLogs.Domain", "src\Modules\AuditLogs\AuditLogs.Domain\AuditLogs.Domain.csproj", "{B98A1D78-765D-42CA-A4C4-D37B5EDD5527}"
EndProject
Project("{FAE04EC0-301F-11D3-BF4B-00C04F79EFBC}") = "AuditLogs.Application", "src\Modules\AuditLogs\AuditLogs.Application\AuditLogs.Application.csproj", "{5FD284A6-EB15-4EAE-9DAA-6450FFC4A16A}"
EndProject
Project("{FAE04EC0-301F-11D3-BF4B-00C04F79EFBC}") = "AuditLogs.Infrastructure", "src\Modules\AuditLogs\AuditLogs.Infrastructure\AuditLogs.Infrastructure.csproj", "{C87B34FC-F2CA-49E4-B094-E7826BE69582}"
EndProject
Project("{FAE04EC0-301F-11D3-BF4B-00C04F79EFBC}") = "AuditLogs.Presentation", "src\Modules\AuditLogs\AuditLogs.Presentation\AuditLogs.Presentation.csproj", "{7090F70B-E7F9-4D0C-8B81-E0373A0FB200}"
EndProject
Project("{2150E333-8FDC-42A3-9474-1A3956D46DE8}") = "Reports", "Reports", "{BD7FC4AB-7901-4A9D-B919-56D7C0A69B30}"
EndProject
Project("{FAE04EC0-301F-11D3-BF4B-00C04F79EFBC}") = "Reports.Domain", "src\Modules\Reports\Reports.Domain\Reports.Domain.csproj", "{65D1F48C-18F9-408F-B7F0-04579C644A7F}"
EndProject
Project("{FAE04EC0-301F-11D3-BF4B-00C04F79EFBC}") = "Reports.Application", "src\Modules\Reports\Reports.Application\Reports.Application.csproj", "{62EAE150-B402-48E7-95FD-84CAB8EAD975}"
EndProject
Project("{FAE04EC0-301F-11D3-BF4B-00C04F79EFBC}") = "Reports.Infrastructure", "src\Modules\Reports\Reports.Infrastructure\Reports.Infrastructure.csproj", "{06A04738-E5B6-4344-BDC6-71C8A1C6D33C}"
EndProject
Project("{FAE04EC0-301F-11D3-BF4B-00C04F79EFBC}") = "Reports.Presentation", "src\Modules\Reports\Reports.Presentation\Reports.Presentation.csproj", "{95395765-9CB1-4650-9E3C-CF6FD12B4D93}"
EndProject
Project("{2150E333-8FDC-42A3-9474-1A3956D46DE8}") = "Automation", "Automation", "{B945D042-F55F-4047-93DF-8438DF64C5A6}"
EndProject
Project("{FAE04EC0-301F-11D3-BF4B-00C04F79EFBC}") = "Automation.Domain", "src\Modules\Automation\Automation.Domain\Automation.Domain.csproj", "{7DA3790E-D39B-4E9C-BABC-D06E5ABA63F6}"
EndProject
Project("{FAE04EC0-301F-11D3-BF4B-00C04F79EFBC}") = "Automation.Application", "src\Modules\Automation\Automation.Application\Automation.Application.csproj", "{F04EF080-B6D4-4133-B807-99784210ADF5}"
EndProject
Project("{FAE04EC0-301F-11D3-BF4B-00C04F79EFBC}") = "Automation.Infrastructure", "src\Modules\Automation\Automation.Infrastructure\Automation.Infrastructure.csproj", "{71C49DE0-5932-460C-82E1-59612C9F41E3}"
EndProject
Project("{FAE04EC0-301F-11D3-BF4B-00C04F79EFBC}") = "Automation.Presentation", "src\Modules\Automation\Automation.Presentation\Automation.Presentation.csproj", "{934B9318-48C8-4CBA-9886-8493D00C2492}"
EndProject
Project("{2150E333-8FDC-42A3-9474-1A3956D46DE8}") = "Security", "Security", "{60E44118-9071-42AC-81A5-DCC90FEB93B0}"
EndProject
Project("{FAE04EC0-301F-11D3-BF4B-00C04F79EFBC}") = "Security.Domain", "src\Modules\Security\Security.Domain\Security.Domain.csproj", "{37479820-AB8E-444B-AAD0-B3DA8CDFDB97}"
EndProject
Project("{FAE04EC0-301F-11D3-BF4B-00C04F79EFBC}") = "Security.Application", "src\Modules\Security\Security.Application\Security.Application.csproj", "{32AC41EA-C101-45DE-A829-49B54734C21F}"
EndProject
Project("{FAE04EC0-301F-11D3-BF4B-00C04F79EFBC}") = "Security.Infrastructure", "src\Modules\Security\Security.Infrastructure\Security.Infrastructure.csproj", "{98D3D949-6C60-429D-A3F2-04925240A9F8}"
EndProject
Project("{FAE04EC0-301F-11D3-BF4B-00C04F79EFBC}") = "Security.Presentation", "src\Modules\Security\Security.Presentation\Security.Presentation.csproj", "{3A8F363E-0E21-4990-823A-A1673FC79137}"
EndProject
Project("{2150E333-8FDC-42A3-9474-1A3956D46DE8}") = "FaceVerification", "FaceVerification", "{F19C4982-3688-4777-AC1E-951B2546CA88}"
EndProject
Project("{FAE04EC0-301F-11D3-BF4B-00C04F79EFBC}") = "FaceVerification.Domain", "src\Modules\FaceVerification\FaceVerification.Domain\FaceVerification.Domain.csproj", "{48E5BD92-FF09-49C2-AC7A-0959D64A0008}"
EndProject
Project("{FAE04EC0-301F-11D3-BF4B-00C04F79EFBC}") = "FaceVerification.Application", "src\Modules\FaceVerification\FaceVerification.Application\FaceVerification.Application.csproj", "{1F11B654-32E7-4B2F-BD28-9C55D03B921F}"
EndProject
Project("{FAE04EC0-301F-11D3-BF4B-00C04F79EFBC}") = "FaceVerification.Infrastructure", "src\Modules\FaceVerification\FaceVerification.Infrastructure\FaceVerification.Infrastructure.csproj", "{22310A9B-8135-45D7-A7CC-DB3FA6AAA8E6}"
EndProject
Project("{FAE04EC0-301F-11D3-BF4B-00C04F79EFBC}") = "FaceVerification.Presentation", "src\Modules\FaceVerification\FaceVerification.Presentation\FaceVerification.Presentation.csproj", "{1AE05ABC-F40B-49BC-8F77-7E9ECC194E8E}"
EndProject
Project("{FAE04EC0-301F-11D3-BF4B-00C04F79EFBC}") = "ApiHost", "src\ApiHost\ApiHost.csproj", "{C6A66C88-FADA-4147-80D2-469199D40340}"
EndProject
Project("{2150E333-8FDC-42A3-9474-1A3956D46DE8}") = "docs", "docs", "{6F0C7A7D-97FD-484C-ADD0-252E8188E616}"
	ProjectSection(SolutionItems) = preProject
		docs\00-VERIXORA-MASTER-SPECIFICATION.md = docs\00-VERIXORA-MASTER-SPECIFICATION.md
		docs\01-REQUIREMENTS-ASSESSMENT.md = docs\01-REQUIREMENTS-ASSESSMENT.md
		docs\02-ARCHITECTURE-DECISIONS.md = docs\02-ARCHITECTURE-DECISIONS.md
		docs\BACKEND-USE-CASES-AND-TESTS.md = docs\BACKEND-USE-CASES-AND-TESTS.md
		docs\NEXT-ACTIONS.md = docs\NEXT-ACTIONS.md
		docs\PROJECT-LOG.md = docs\PROJECT-LOG.md
		docs\README.md = docs\README.md
		docs\ROADMAP.md = docs\ROADMAP.md
		docs\VALIDATION-SCRIPT-REQUIREMENTS.md = docs\VALIDATION-SCRIPT-REQUIREMENTS.md
	EndProjectSection
EndProject
Project("{2150E333-8FDC-42A3-9474-1A3956D46DE8}") = "ADR", "ADR", "{67557A88-6E34-493F-8036-8FC42B4CD8B6}"
EndProject
Project("{2150E333-8FDC-42A3-9474-1A3956D46DE8}") = "Architecture", "Architecture", "{AC13BB22-225F-4A36-9BDE-A513C75C66A9}"
EndProject
Project("{2150E333-8FDC-42A3-9474-1A3956D46DE8}") = "Domain", "Domain", "{C5454E7D-E467-4C6E-91BD-85C8EF45F5B4}"
	ProjectSection(SolutionItems) = preProject
		docs\Domain\Error-Code-Standards.md = docs\Domain\Error-Code-Standards.md
		docs\Domain\Usage-Patterns.md = docs\Domain\Usage-Patterns.md
		docs\Domain\User-Aggregate-Root-Design.md = docs\Domain\User-Aggregate-Root-Design.md
	EndProjectSection
EndProject
Project("{2150E333-8FDC-42A3-9474-1A3956D46DE8}") = "Iterations", "Iterations", "{BE1BD6E6-EE14-4E72-A4E7-0CFBC183B7DA}"
	ProjectSection(SolutionItems) = preProject
		docs\Iterations\ITERATION-0.md = docs\Iterations\ITERATION-0.md
		docs\Iterations\ITERATION-1.md = docs\Iterations\ITERATION-1.md
		docs\Iterations\ITERATION-2.md = docs\Iterations\ITERATION-2.md
		docs\Iterations\ITERATION-3.md = docs\Iterations\ITERATION-3.md
		docs\Iterations\ITERATION-4.md = docs\Iterations\ITERATION-4.md
		docs\Iterations\ITERATION-5.md = docs\Iterations\ITERATION-5.md
		docs\Iterations\ITERATION-6.md = docs\Iterations\ITERATION-6.md
	EndProjectSection
EndProject
Project("{2150E333-8FDC-42A3-9474-1A3956D46DE8}") = "Modules", "Modules", "{725A80B1-78B6-4B9E-898D-9F13E787852D}"
EndProject
Project("{2150E333-8FDC-42A3-9474-1A3956D46DE8}") = "Solution Items", "Solution Items", "{C45F8030-6D5B-4F1B-A82C-3879094E517E}"
	ProjectSection(SolutionItems) = preProject
		.editorconfig = .editorconfig
		.gitignore = .gitignore
		Directory.Build.props = Directory.Build.props
		Directory.Packages.props = Directory.Packages.props
		global.json = global.json
		LICENSE.txt = LICENSE.txt
		README.md = README.md
	EndProjectSection
EndProject
Project("{2150E333-8FDC-42A3-9474-1A3956D46DE8}") = "Project Tree", "Project Tree", "{25C4B4A5-D25B-489C-99D1-F7E60E82496F}"
	ProjectSection(SolutionItems) = preProject
		docs\Project Tree\VERIXORA BACKEND – COMPLETE FILE HIERARCHY (PART 1 OF 6).md = docs\Project Tree\VERIXORA BACKEND – COMPLETE FILE HIERARCHY (PART 1 OF 6).md
		docs\Project Tree\VERIXORA BACKEND – COMPLETE FILE HIERARCHY (PART 2 OF 6).md = docs\Project Tree\VERIXORA BACKEND – COMPLETE FILE HIERARCHY (PART 2 OF 6).md
		docs\Project Tree\VERIXORA BACKEND – COMPLETE FILE HIERARCHY (PART 3 OF 6).md = docs\Project Tree\VERIXORA BACKEND – COMPLETE FILE HIERARCHY (PART 3 OF 6).md
		docs\Project Tree\VERIXORA BACKEND – COMPLETE FILE HIERARCHY (PART 4 OF 6).md = docs\Project Tree\VERIXORA BACKEND – COMPLETE FILE HIERARCHY (PART 4 OF 6).md
		docs\Project Tree\VERIXORA BACKEND – COMPLETE FILE HIERARCHY (PART 5 OF 6).md = docs\Project Tree\VERIXORA BACKEND – COMPLETE FILE HIERARCHY (PART 5 OF 6).md
		docs\Project Tree\VERIXORA BACKEND – COMPLETE FILE HIERARCHY (PART 6 OF 6).md = docs\Project Tree\VERIXORA BACKEND – COMPLETE FILE HIERARCHY (PART 6 OF 6).md
	EndProjectSection
EndProject
Global
	GlobalSection(SolutionConfigurationPlatforms) = preSolution
		Debug|Any CPU = Debug|Any CPU
		Release|Any CPU = Release|Any CPU
	EndGlobalSection
	GlobalSection(ProjectConfigurationPlatforms) = postSolution
		{08D8D8F9-C3F9-4740-AFA4-2D5B7770AA0D}.Debug|Any CPU.ActiveCfg = Debug|Any CPU
		{08D8D8F9-C3F9-4740-AFA4-2D5B7770AA0D}.Debug|Any CPU.Build.0 = Debug|Any CPU
		{08D8D8F9-C3F9-4740-AFA4-2D5B7770AA0D}.Release|Any CPU.ActiveCfg = Release|Any CPU
		{08D8D8F9-C3F9-4740-AFA4-2D5B7770AA0D}.Release|Any CPU.Build.0 = Release|Any CPU
		{AE91AC65-D308-4660-85CA-4CEF5BFD3664}.Debug|Any CPU.ActiveCfg = Debug|Any CPU
		{AE91AC65-D308-4660-85CA-4CEF5BFD3664}.Debug|Any CPU.Build.0 = Debug|Any CPU
		{AE91AC65-D308-4660-85CA-4CEF5BFD3664}.Release|Any CPU.ActiveCfg = Release|Any CPU
		{AE91AC65-D308-4660-85CA-4CEF5BFD3664}.Release|Any CPU.Build.0 = Release|Any CPU
		{297FFEC0-2EAE-4D87-9247-45C04E76CD23}.Debug|Any CPU.ActiveCfg = Debug|Any CPU
		{297FFEC0-2EAE-4D87-9247-45C04E76CD23}.Debug|Any CPU.Build.0 = Debug|Any CPU
		{297FFEC0-2EAE-4D87-9247-45C04E76CD23}.Release|Any CPU.ActiveCfg = Release|Any CPU
		{297FFEC0-2EAE-4D87-9247-45C04E76CD23}.Release|Any CPU.Build.0 = Release|Any CPU
		{DF516F55-CF69-4ADD-B434-0CE8D331095A}.Debug|Any CPU.ActiveCfg = Debug|Any CPU
		{DF516F55-CF69-4ADD-B434-0CE8D331095A}.Debug|Any CPU.Build.0 = Debug|Any CPU
		{DF516F55-CF69-4ADD-B434-0CE8D331095A}.Release|Any CPU.ActiveCfg = Release|Any CPU
		{DF516F55-CF69-4ADD-B434-0CE8D331095A}.Release|Any CPU.Build.0 = Release|Any CPU
		{82F30EC3-1C58-4217-8372-BBF4210246F8}.Debug|Any CPU.ActiveCfg = Debug|Any CPU
		{82F30EC3-1C58-4217-8372-BBF4210246F8}.Debug|Any CPU.Build.0 = Debug|Any CPU
		{82F30EC3-1C58-4217-8372-BBF4210246F8}.Release|Any CPU.ActiveCfg = Release|Any CPU
		{82F30EC3-1C58-4217-8372-BBF4210246F8}.Release|Any CPU.Build.0 = Release|Any CPU
		{C3E66231-3756-4C8F-9193-ACCEBA9A6230}.Debug|Any CPU.ActiveCfg = Debug|Any CPU
		{C3E66231-3756-4C8F-9193-ACCEBA9A6230}.Debug|Any CPU.Build.0 = Debug|Any CPU
		{C3E66231-3756-4C8F-9193-ACCEBA9A6230}.Release|Any CPU.ActiveCfg = Release|Any CPU
		{C3E66231-3756-4C8F-9193-ACCEBA9A6230}.Release|Any CPU.Build.0 = Release|Any CPU
		{5F661CAA-245C-42AB-A585-839A88B51FD2}.Debug|Any CPU.ActiveCfg = Debug|Any CPU
		{5F661CAA-245C-42AB-A585-839A88B51FD2}.Debug|Any CPU.Build.0 = Debug|Any CPU
		{5F661CAA-245C-42AB-A585-839A88B51FD2}.Release|Any CPU.ActiveCfg = Release|Any CPU
		{5F661CAA-245C-42AB-A585-839A88B51FD2}.Release|Any CPU.Build.0 = Release|Any CPU
		{552C1A5C-8598-4DD8-B53B-9CC12207B110}.Debug|Any CPU.ActiveCfg = Debug|Any CPU
		{552C1A5C-8598-4DD8-B53B-9CC12207B110}.Debug|Any CPU.Build.0 = Debug|Any CPU
		{552C1A5C-8598-4DD8-B53B-9CC12207B110}.Release|Any CPU.ActiveCfg = Release|Any CPU
		{552C1A5C-8598-4DD8-B53B-9CC12207B110}.Release|Any CPU.Build.0 = Release|Any CPU
		{DBBE04DB-925D-4B68-82E1-3D60D4A85065}.Debug|Any CPU.ActiveCfg = Debug|Any CPU
		{DBBE04DB-925D-4B68-82E1-3D60D4A85065}.Debug|Any CPU.Build.0 = Debug|Any CPU
		{DBBE04DB-925D-4B68-82E1-3D60D4A85065}.Release|Any CPU.ActiveCfg = Release|Any CPU
		{DBBE04DB-925D-4B68-82E1-3D60D4A85065}.Release|Any CPU.Build.0 = Release|Any CPU
		{1CEE9292-6BC4-4067-AAD0-F84AB485C453}.Debug|Any CPU.ActiveCfg = Debug|Any CPU
		{1CEE9292-6BC4-4067-AAD0-F84AB485C453}.Debug|Any CPU.Build.0 = Debug|Any CPU
		{1CEE9292-6BC4-4067-AAD0-F84AB485C453}.Release|Any CPU.ActiveCfg = Release|Any CPU
		{1CEE9292-6BC4-4067-AAD0-F84AB485C453}.Release|Any CPU.Build.0 = Release|Any CPU
		{6832BDE8-319C-4691-99F4-42BC8E8B930F}.Debug|Any CPU.ActiveCfg = Debug|Any CPU
		{6832BDE8-319C-4691-99F4-42BC8E8B930F}.Debug|Any CPU.Build.0 = Debug|Any CPU
		{6832BDE8-319C-4691-99F4-42BC8E8B930F}.Release|Any CPU.ActiveCfg = Release|Any CPU
		{6832BDE8-319C-4691-99F4-42BC8E8B930F}.Release|Any CPU.Build.0 = Release|Any CPU
		{70002D58-CE1B-4F78-A5FE-837C68712669}.Debug|Any CPU.ActiveCfg = Debug|Any CPU
		{70002D58-CE1B-4F78-A5FE-837C68712669}.Debug|Any CPU.Build.0 = Debug|Any CPU
		{70002D58-CE1B-4F78-A5FE-837C68712669}.Release|Any CPU.ActiveCfg = Release|Any CPU
		{70002D58-CE1B-4F78-A5FE-837C68712669}.Release|Any CPU.Build.0 = Release|Any CPU
		{C95CB3BF-5FD2-4DF1-A04B-B19F50FB9C39}.Debug|Any CPU.ActiveCfg = Debug|Any CPU
		{C95CB3BF-5FD2-4DF1-A04B-B19F50FB9C39}.Debug|Any CPU.Build.0 = Debug|Any CPU
		{C95CB3BF-5FD2-4DF1-A04B-B19F50FB9C39}.Release|Any CPU.ActiveCfg = Release|Any CPU
		{C95CB3BF-5FD2-4DF1-A04B-B19F50FB9C39}.Release|Any CPU.Build.0 = Release|Any CPU
		{FA66DC31-CC70-451E-A287-53F460BB5529}.Debug|Any CPU.ActiveCfg = Debug|Any CPU
		{FA66DC31-CC70-451E-A287-53F460BB5529}.Debug|Any CPU.Build.0 = Debug|Any CPU
		{FA66DC31-CC70-451E-A287-53F460BB5529}.Release|Any CPU.ActiveCfg = Release|Any CPU
		{FA66DC31-CC70-451E-A287-53F460BB5529}.Release|Any CPU.Build.0 = Release|Any CPU
		{5B22F6DC-4FBC-43C1-A31B-314AEFEA3B4A}.Debug|Any CPU.ActiveCfg = Debug|Any CPU
		{5B22F6DC-4FBC-43C1-A31B-314AEFEA3B4A}.Debug|Any CPU.Build.0 = Debug|Any CPU
		{5B22F6DC-4FBC-43C1-A31B-314AEFEA3B4A}.Release|Any CPU.ActiveCfg = Release|Any CPU
		{5B22F6DC-4FBC-43C1-A31B-314AEFEA3B4A}.Release|Any CPU.Build.0 = Release|Any CPU
		{1959FF8E-F7FA-4ED7-9408-811C8C6ADBF6}.Debug|Any CPU.ActiveCfg = Debug|Any CPU
		{1959FF8E-F7FA-4ED7-9408-811C8C6ADBF6}.Debug|Any CPU.Build.0 = Debug|Any CPU
		{1959FF8E-F7FA-4ED7-9408-811C8C6ADBF6}.Release|Any CPU.ActiveCfg = Release|Any CPU
		{1959FF8E-F7FA-4ED7-9408-811C8C6ADBF6}.Release|Any CPU.Build.0 = Release|Any CPU
		{FCA9838E-7CF3-4695-A0E7-4D9E4EA046A0}.Debug|Any CPU.ActiveCfg = Debug|Any CPU
		{FCA9838E-7CF3-4695-A0E7-4D9E4EA046A0}.Debug|Any CPU.Build.0 = Debug|Any CPU
		{FCA9838E-7CF3-4695-A0E7-4D9E4EA046A0}.Release|Any CPU.ActiveCfg = Release|Any CPU
		{FCA9838E-7CF3-4695-A0E7-4D9E4EA046A0}.Release|Any CPU.Build.0 = Release|Any CPU
		{0CE87704-28AC-45EE-885D-2B0825DDBC07}.Debug|Any CPU.ActiveCfg = Debug|Any CPU
		{0CE87704-28AC-45EE-885D-2B0825DDBC07}.Debug|Any CPU.Build.0 = Debug|Any CPU
		{0CE87704-28AC-45EE-885D-2B0825DDBC07}.Release|Any CPU.ActiveCfg = Release|Any CPU
		{0CE87704-28AC-45EE-885D-2B0825DDBC07}.Release|Any CPU.Build.0 = Release|Any CPU
		{ADA6F819-D9A3-4036-9717-B4994070DE02}.Debug|Any CPU.ActiveCfg = Debug|Any CPU
		{ADA6F819-D9A3-4036-9717-B4994070DE02}.Debug|Any CPU.Build.0 = Debug|Any CPU
		{ADA6F819-D9A3-4036-9717-B4994070DE02}.Release|Any CPU.ActiveCfg = Release|Any CPU
		{ADA6F819-D9A3-4036-9717-B4994070DE02}.Release|Any CPU.Build.0 = Release|Any CPU
		{416B9076-769A-4195-B844-505CE67B7C26}.Debug|Any CPU.ActiveCfg = Debug|Any CPU
		{416B9076-769A-4195-B844-505CE67B7C26}.Debug|Any CPU.Build.0 = Debug|Any CPU
		{416B9076-769A-4195-B844-505CE67B7C26}.Release|Any CPU.ActiveCfg = Release|Any CPU
		{416B9076-769A-4195-B844-505CE67B7C26}.Release|Any CPU.Build.0 = Release|Any CPU
		{F885344B-196F-44C4-B52E-A093C94DB8C7}.Debug|Any CPU.ActiveCfg = Debug|Any CPU
		{F885344B-196F-44C4-B52E-A093C94DB8C7}.Debug|Any CPU.Build.0 = Debug|Any CPU
		{F885344B-196F-44C4-B52E-A093C94DB8C7}.Release|Any CPU.ActiveCfg = Release|Any CPU
		{F885344B-196F-44C4-B52E-A093C94DB8C7}.Release|Any CPU.Build.0 = Release|Any CPU
		{1CF99E4A-EA71-42FC-9F4D-6BF61CF50894}.Debug|Any CPU.ActiveCfg = Debug|Any CPU
		{1CF99E4A-EA71-42FC-9F4D-6BF61CF50894}.Debug|Any CPU.Build.0 = Debug|Any CPU
		{1CF99E4A-EA71-42FC-9F4D-6BF61CF50894}.Release|Any CPU.ActiveCfg = Release|Any CPU
		{1CF99E4A-EA71-42FC-9F4D-6BF61CF50894}.Release|Any CPU.Build.0 = Release|Any CPU
		{0418AD9A-D0F7-4219-B721-83FE95261B8C}.Debug|Any CPU.ActiveCfg = Debug|Any CPU
		{0418AD9A-D0F7-4219-B721-83FE95261B8C}.Debug|Any CPU.Build.0 = Debug|Any CPU
		{0418AD9A-D0F7-4219-B721-83FE95261B8C}.Release|Any CPU.ActiveCfg = Release|Any CPU
		{0418AD9A-D0F7-4219-B721-83FE95261B8C}.Release|Any CPU.Build.0 = Release|Any CPU
		{18D3D0EB-A61D-4E2E-896E-F5B976FD25E2}.Debug|Any CPU.ActiveCfg = Debug|Any CPU
		{18D3D0EB-A61D-4E2E-896E-F5B976FD25E2}.Debug|Any CPU.Build.0 = Debug|Any CPU
		{18D3D0EB-A61D-4E2E-896E-F5B976FD25E2}.Release|Any CPU.ActiveCfg = Release|Any CPU
		{18D3D0EB-A61D-4E2E-896E-F5B976FD25E2}.Release|Any CPU.Build.0 = Release|Any CPU
		{170F2575-6F47-4DBD-81B9-94C59F5F88AA}.Debug|Any CPU.ActiveCfg = Debug|Any CPU
		{170F2575-6F47-4DBD-81B9-94C59F5F88AA}.Debug|Any CPU.Build.0 = Debug|Any CPU
		{170F2575-6F47-4DBD-81B9-94C59F5F88AA}.Release|Any CPU.ActiveCfg = Release|Any CPU
		{170F2575-6F47-4DBD-81B9-94C59F5F88AA}.Release|Any CPU.Build.0 = Release|Any CPU
		{7E20B996-EA3E-451F-A9E5-DA1F61D00DC7}.Debug|Any CPU.ActiveCfg = Debug|Any CPU
		{7E20B996-EA3E-451F-A9E5-DA1F61D00DC7}.Debug|Any CPU.Build.0 = Debug|Any CPU
		{7E20B996-EA3E-451F-A9E5-DA1F61D00DC7}.Release|Any CPU.ActiveCfg = Release|Any CPU
		{7E20B996-EA3E-451F-A9E5-DA1F61D00DC7}.Release|Any CPU.Build.0 = Release|Any CPU
		{6EFCD445-13A1-4879-A9D3-560D17F6E760}.Debug|Any CPU.ActiveCfg = Debug|Any CPU
		{6EFCD445-13A1-4879-A9D3-560D17F6E760}.Debug|Any CPU.Build.0 = Debug|Any CPU
		{6EFCD445-13A1-4879-A9D3-560D17F6E760}.Release|Any CPU.ActiveCfg = Release|Any CPU
		{6EFCD445-13A1-4879-A9D3-560D17F6E760}.Release|Any CPU.Build.0 = Release|Any CPU
		{8C5C7720-9F60-4AC5-BA1A-DB0CEAA58DD0}.Debug|Any CPU.ActiveCfg = Debug|Any CPU
		{8C5C7720-9F60-4AC5-BA1A-DB0CEAA58DD0}.Debug|Any CPU.Build.0 = Debug|Any CPU
		{8C5C7720-9F60-4AC5-BA1A-DB0CEAA58DD0}.Release|Any CPU.ActiveCfg = Release|Any CPU
		{8C5C7720-9F60-4AC5-BA1A-DB0CEAA58DD0}.Release|Any CPU.Build.0 = Release|Any CPU
		{60C7F5A0-4530-46CF-8368-75578B167766}.Debug|Any CPU.ActiveCfg = Debug|Any CPU
		{60C7F5A0-4530-46CF-8368-75578B167766}.Debug|Any CPU.Build.0 = Debug|Any CPU
		{60C7F5A0-4530-46CF-8368-75578B167766}.Release|Any CPU.ActiveCfg = Release|Any CPU
		{60C7F5A0-4530-46CF-8368-75578B167766}.Release|Any CPU.Build.0 = Release|Any CPU
		{567BF0F1-8E6C-4417-868C-ABCC7DA8DEBD}.Debug|Any CPU.ActiveCfg = Debug|Any CPU
		{567BF0F1-8E6C-4417-868C-ABCC7DA8DEBD}.Debug|Any CPU.Build.0 = Debug|Any CPU
		{567BF0F1-8E6C-4417-868C-ABCC7DA8DEBD}.Release|Any CPU.ActiveCfg = Release|Any CPU
		{567BF0F1-8E6C-4417-868C-ABCC7DA8DEBD}.Release|Any CPU.Build.0 = Release|Any CPU
		{A91D8DAC-7D9D-476F-BF66-1B6883DEDD7D}.Debug|Any CPU.ActiveCfg = Debug|Any CPU
		{A91D8DAC-7D9D-476F-BF66-1B6883DEDD7D}.Debug|Any CPU.Build.0 = Debug|Any CPU
		{A91D8DAC-7D9D-476F-BF66-1B6883DEDD7D}.Release|Any CPU.ActiveCfg = Release|Any CPU
		{A91D8DAC-7D9D-476F-BF66-1B6883DEDD7D}.Release|Any CPU.Build.0 = Release|Any CPU
		{75BFCFCB-A18D-4E0D-B006-B05DAD6721A1}.Debug|Any CPU.ActiveCfg = Debug|Any CPU
		{75BFCFCB-A18D-4E0D-B006-B05DAD6721A1}.Debug|Any CPU.Build.0 = Debug|Any CPU
		{75BFCFCB-A18D-4E0D-B006-B05DAD6721A1}.Release|Any CPU.ActiveCfg = Release|Any CPU
		{75BFCFCB-A18D-4E0D-B006-B05DAD6721A1}.Release|Any CPU.Build.0 = Release|Any CPU
		{74AC2BCC-EE4D-4DC4-9ACD-D7AA7CA7A0BE}.Debug|Any CPU.ActiveCfg = Debug|Any CPU
		{74AC2BCC-EE4D-4DC4-9ACD-D7AA7CA7A0BE}.Debug|Any CPU.Build.0 = Debug|Any CPU
		{74AC2BCC-EE4D-4DC4-9ACD-D7AA7CA7A0BE}.Release|Any CPU.ActiveCfg = Release|Any CPU
		{74AC2BCC-EE4D-4DC4-9ACD-D7AA7CA7A0BE}.Release|Any CPU.Build.0 = Release|Any CPU
		{314AC2CF-9F6C-40BC-B829-C6677DF01874}.Debug|Any CPU.ActiveCfg = Debug|Any CPU
		{314AC2CF-9F6C-40BC-B829-C6677DF01874}.Debug|Any CPU.Build.0 = Debug|Any CPU
		{314AC2CF-9F6C-40BC-B829-C6677DF01874}.Release|Any CPU.ActiveCfg = Release|Any CPU
		{314AC2CF-9F6C-40BC-B829-C6677DF01874}.Release|Any CPU.Build.0 = Release|Any CPU
		{826BCFF5-21D4-4019-B18C-BFD7A7F6D2BD}.Debug|Any CPU.ActiveCfg = Debug|Any CPU
		{826BCFF5-21D4-4019-B18C-BFD7A7F6D2BD}.Debug|Any CPU.Build.0 = Debug|Any CPU
		{826BCFF5-21D4-4019-B18C-BFD7A7F6D2BD}.Release|Any CPU.ActiveCfg = Release|Any CPU
		{826BCFF5-21D4-4019-B18C-BFD7A7F6D2BD}.Release|Any CPU.Build.0 = Release|Any CPU
		{09702EF5-D4B5-4A14-AF74-5560E6CCF4FC}.Debug|Any CPU.ActiveCfg = Debug|Any CPU
		{09702EF5-D4B5-4A14-AF74-5560E6CCF4FC}.Debug|Any CPU.Build.0 = Debug|Any CPU
		{09702EF5-D4B5-4A14-AF74-5560E6CCF4FC}.Release|Any CPU.ActiveCfg = Release|Any CPU
		{09702EF5-D4B5-4A14-AF74-5560E6CCF4FC}.Release|Any CPU.Build.0 = Release|Any CPU
		{BAEBA33F-8B3E-4F0E-87FC-E29A30823AF1}.Debug|Any CPU.ActiveCfg = Debug|Any CPU
		{BAEBA33F-8B3E-4F0E-87FC-E29A30823AF1}.Debug|Any CPU.Build.0 = Debug|Any CPU
		{BAEBA33F-8B3E-4F0E-87FC-E29A30823AF1}.Release|Any CPU.ActiveCfg = Release|Any CPU
		{BAEBA33F-8B3E-4F0E-87FC-E29A30823AF1}.Release|Any CPU.Build.0 = Release|Any CPU
		{B98A1D78-765D-42CA-A4C4-D37B5EDD5527}.Debug|Any CPU.ActiveCfg = Debug|Any CPU
		{B98A1D78-765D-42CA-A4C4-D37B5EDD5527}.Debug|Any CPU.Build.0 = Debug|Any CPU
		{B98A1D78-765D-42CA-A4C4-D37B5EDD5527}.Release|Any CPU.ActiveCfg = Release|Any CPU
		{B98A1D78-765D-42CA-A4C4-D37B5EDD5527}.Release|Any CPU.Build.0 = Release|Any CPU
		{5FD284A6-EB15-4EAE-9DAA-6450FFC4A16A}.Debug|Any CPU.ActiveCfg = Debug|Any CPU
		{5FD284A6-EB15-4EAE-9DAA-6450FFC4A16A}.Debug|Any CPU.Build.0 = Debug|Any CPU
		{5FD284A6-EB15-4EAE-9DAA-6450FFC4A16A}.Release|Any CPU.ActiveCfg = Release|Any CPU
		{5FD284A6-EB15-4EAE-9DAA-6450FFC4A16A}.Release|Any CPU.Build.0 = Release|Any CPU
		{C87B34FC-F2CA-49E4-B094-E7826BE69582}.Debug|Any CPU.ActiveCfg = Debug|Any CPU
		{C87B34FC-F2CA-49E4-B094-E7826BE69582}.Debug|Any CPU.Build.0 = Debug|Any CPU
		{C87B34FC-F2CA-49E4-B094-E7826BE69582}.Release|Any CPU.ActiveCfg = Release|Any CPU
		{C87B34FC-F2CA-49E4-B094-E7826BE69582}.Release|Any CPU.Build.0 = Release|Any CPU
		{7090F70B-E7F9-4D0C-8B81-E0373A0FB200}.Debug|Any CPU.ActiveCfg = Debug|Any CPU
		{7090F70B-E7F9-4D0C-8B81-E0373A0FB200}.Debug|Any CPU.Build.0 = Debug|Any CPU
		{7090F70B-E7F9-4D0C-8B81-E0373A0FB200}.Release|Any CPU.ActiveCfg = Release|Any CPU
		{7090F70B-E7F9-4D0C-8B81-E0373A0FB200}.Release|Any CPU.Build.0 = Release|Any CPU
		{65D1F48C-18F9-408F-B7F0-04579C644A7F}.Debug|Any CPU.ActiveCfg = Debug|Any CPU
		{65D1F48C-18F9-408F-B7F0-04579C644A7F}.Debug|Any CPU.Build.0 = Debug|Any CPU
		{65D1F48C-18F9-408F-B7F0-04579C644A7F}.Release|Any CPU.ActiveCfg = Release|Any CPU
		{65D1F48C-18F9-408F-B7F0-04579C644A7F}.Release|Any CPU.Build.0 = Release|Any CPU
		{62EAE150-B402-48E7-95FD-84CAB8EAD975}.Debug|Any CPU.ActiveCfg = Debug|Any CPU
		{62EAE150-B402-48E7-95FD-84CAB8EAD975}.Debug|Any CPU.Build.0 = Debug|Any CPU
		{62EAE150-B402-48E7-95FD-84CAB8EAD975}.Release|Any CPU.ActiveCfg = Release|Any CPU
		{62EAE150-B402-48E7-95FD-84CAB8EAD975}.Release|Any CPU.Build.0 = Release|Any CPU
		{06A04738-E5B6-4344-BDC6-71C8A1C6D33C}.Debug|Any CPU.ActiveCfg = Debug|Any CPU
		{06A04738-E5B6-4344-BDC6-71C8A1C6D33C}.Debug|Any CPU.Build.0 = Debug|Any CPU
		{06A04738-E5B6-4344-BDC6-71C8A1C6D33C}.Release|Any CPU.ActiveCfg = Release|Any CPU
		{06A04738-E5B6-4344-BDC6-71C8A1C6D33C}.Release|Any CPU.Build.0 = Release|Any CPU
		{95395765-9CB1-4650-9E3C-CF6FD12B4D93}.Debug|Any CPU.ActiveCfg = Debug|Any CPU
		{95395765-9CB1-4650-9E3C-CF6FD12B4D93}.Debug|Any CPU.Build.0 = Debug|Any CPU
		{95395765-9CB1-4650-9E3C-CF6FD12B4D93}.Release|Any CPU.ActiveCfg = Release|Any CPU
		{95395765-9CB1-4650-9E3C-CF6FD12B4D93}.Release|Any CPU.Build.0 = Release|Any CPU
		{7DA3790E-D39B-4E9C-BABC-D06E5ABA63F6}.Debug|Any CPU.ActiveCfg = Debug|Any CPU
		{7DA3790E-D39B-4E9C-BABC-D06E5ABA63F6}.Debug|Any CPU.Build.0 = Debug|Any CPU
		{7DA3790E-D39B-4E9C-BABC-D06E5ABA63F6}.Release|Any CPU.ActiveCfg = Release|Any CPU
		{7DA3790E-D39B-4E9C-BABC-D06E5ABA63F6}.Release|Any CPU.Build.0 = Release|Any CPU
		{F04EF080-B6D4-4133-B807-99784210ADF5}.Debug|Any CPU.ActiveCfg = Debug|Any CPU
		{F04EF080-B6D4-4133-B807-99784210ADF5}.Debug|Any CPU.Build.0 = Debug|Any CPU
		{F04EF080-B6D4-4133-B807-99784210ADF5}.Release|Any CPU.ActiveCfg = Release|Any CPU
		{F04EF080-B6D4-4133-B807-99784210ADF5}.Release|Any CPU.Build.0 = Release|Any CPU
		{71C49DE0-5932-460C-82E1-59612C9F41E3}.Debug|Any CPU.ActiveCfg = Debug|Any CPU
		{71C49DE0-5932-460C-82E1-59612C9F41E3}.Debug|Any CPU.Build.0 = Debug|Any CPU
		{71C49DE0-5932-460C-82E1-59612C9F41E3}.Release|Any CPU.ActiveCfg = Release|Any CPU
		{71C49DE0-5932-460C-82E1-59612C9F41E3}.Release|Any CPU.Build.0 = Release|Any CPU
		{934B9318-48C8-4CBA-9886-8493D00C2492}.Debug|Any CPU.ActiveCfg = Debug|Any CPU
		{934B9318-48C8-4CBA-9886-8493D00C2492}.Debug|Any CPU.Build.0 = Debug|Any CPU
		{934B9318-48C8-4CBA-9886-8493D00C2492}.Release|Any CPU.ActiveCfg = Release|Any CPU
		{934B9318-48C8-4CBA-9886-8493D00C2492}.Release|Any CPU.Build.0 = Release|Any CPU
		{37479820-AB8E-444B-AAD0-B3DA8CDFDB97}.Debug|Any CPU.ActiveCfg = Debug|Any CPU
		{37479820-AB8E-444B-AAD0-B3DA8CDFDB97}.Debug|Any CPU.Build.0 = Debug|Any CPU
		{37479820-AB8E-444B-AAD0-B3DA8CDFDB97}.Release|Any CPU.ActiveCfg = Release|Any CPU
		{37479820-AB8E-444B-AAD0-B3DA8CDFDB97}.Release|Any CPU.Build.0 = Release|Any CPU
		{32AC41EA-C101-45DE-A829-49B54734C21F}.Debug|Any CPU.ActiveCfg = Debug|Any CPU
		{32AC41EA-C101-45DE-A829-49B54734C21F}.Debug|Any CPU.Build.0 = Debug|Any CPU
		{32AC41EA-C101-45DE-A829-49B54734C21F}.Release|Any CPU.ActiveCfg = Release|Any CPU
		{32AC41EA-C101-45DE-A829-49B54734C21F}.Release|Any CPU.Build.0 = Release|Any CPU
		{98D3D949-6C60-429D-A3F2-04925240A9F8}.Debug|Any CPU.ActiveCfg = Debug|Any CPU
		{98D3D949-6C60-429D-A3F2-04925240A9F8}.Debug|Any CPU.Build.0 = Debug|Any CPU
		{98D3D949-6C60-429D-A3F2-04925240A9F8}.Release|Any CPU.ActiveCfg = Release|Any CPU
		{98D3D949-6C60-429D-A3F2-04925240A9F8}.Release|Any CPU.Build.0 = Release|Any CPU
		{3A8F363E-0E21-4990-823A-A1673FC79137}.Debug|Any CPU.ActiveCfg = Debug|Any CPU
		{3A8F363E-0E21-4990-823A-A1673FC79137}.Debug|Any CPU.Build.0 = Debug|Any CPU
		{3A8F363E-0E21-4990-823A-A1673FC79137}.Release|Any CPU.ActiveCfg = Release|Any CPU
		{3A8F363E-0E21-4990-823A-A1673FC79137}.Release|Any CPU.Build.0 = Release|Any CPU
		{48E5BD92-FF09-49C2-AC7A-0959D64A0008}.Debug|Any CPU.ActiveCfg = Debug|Any CPU
		{48E5BD92-FF09-49C2-AC7A-0959D64A0008}.Debug|Any CPU.Build.0 = Debug|Any CPU
		{48E5BD92-FF09-49C2-AC7A-0959D64A0008}.Release|Any CPU.ActiveCfg = Release|Any CPU
		{48E5BD92-FF09-49C2-AC7A-0959D64A0008}.Release|Any CPU.Build.0 = Release|Any CPU
		{1F11B654-32E7-4B2F-BD28-9C55D03B921F}.Debug|Any CPU.ActiveCfg = Debug|Any CPU
		{1F11B654-32E7-4B2F-BD28-9C55D03B921F}.Debug|Any CPU.Build.0 = Debug|Any CPU
		{1F11B654-32E7-4B2F-BD28-9C55D03B921F}.Release|Any CPU.ActiveCfg = Release|Any CPU
		{1F11B654-32E7-4B2F-BD28-9C55D03B921F}.Release|Any CPU.Build.0 = Release|Any CPU
		{22310A9B-8135-45D7-A7CC-DB3FA6AAA8E6}.Debug|Any CPU.ActiveCfg = Debug|Any CPU
		{22310A9B-8135-45D7-A7CC-DB3FA6AAA8E6}.Debug|Any CPU.Build.0 = Debug|Any CPU
		{22310A9B-8135-45D7-A7CC-DB3FA6AAA8E6}.Release|Any CPU.ActiveCfg = Release|Any CPU
		{22310A9B-8135-45D7-A7CC-DB3FA6AAA8E6}.Release|Any CPU.Build.0 = Release|Any CPU
		{1AE05ABC-F40B-49BC-8F77-7E9ECC194E8E}.Debug|Any CPU.ActiveCfg = Debug|Any CPU
		{1AE05ABC-F40B-49BC-8F77-7E9ECC194E8E}.Debug|Any CPU.Build.0 = Debug|Any CPU
		{1AE05ABC-F40B-49BC-8F77-7E9ECC194E8E}.Release|Any CPU.ActiveCfg = Release|Any CPU
		{1AE05ABC-F40B-49BC-8F77-7E9ECC194E8E}.Release|Any CPU.Build.0 = Release|Any CPU
		{C6A66C88-FADA-4147-80D2-469199D40340}.Debug|Any CPU.ActiveCfg = Debug|Any CPU
		{C6A66C88-FADA-4147-80D2-469199D40340}.Debug|Any CPU.Build.0 = Debug|Any CPU
		{C6A66C88-FADA-4147-80D2-469199D40340}.Release|Any CPU.ActiveCfg = Release|Any CPU
		{C6A66C88-FADA-4147-80D2-469199D40340}.Release|Any CPU.Build.0 = Release|Any CPU
	EndGlobalSection
	GlobalSection(SolutionProperties) = preSolution
		HideSolutionNode = FALSE
	EndGlobalSection
	GlobalSection(NestedProjects) = preSolution
		{08D8D8F9-C3F9-4740-AFA4-2D5B7770AA0D} = {3F211ABF-35E8-47A0-A27E-B879B87BA948}
		{AE91AC65-D308-4660-85CA-4CEF5BFD3664} = {3F211ABF-35E8-47A0-A27E-B879B87BA948}
		{297FFEC0-2EAE-4D87-9247-45C04E76CD23} = {3F211ABF-35E8-47A0-A27E-B879B87BA948}
		{DF516F55-CF69-4ADD-B434-0CE8D331095A} = {3F211ABF-35E8-47A0-A27E-B879B87BA948}
		{82F30EC3-1C58-4217-8372-BBF4210246F8} = {3F211ABF-35E8-47A0-A27E-B879B87BA948}
		{11B70084-7938-410E-8038-FCF6D66CCE26} = {3F211ABF-35E8-47A0-A27E-B879B87BA948}
		{9FBF2326-6EE4-4BDC-A445-9E5BE663BF60} = {11B70084-7938-410E-8038-FCF6D66CCE26}
		{C3E66231-3756-4C8F-9193-ACCEBA9A6230} = {9FBF2326-6EE4-4BDC-A445-9E5BE663BF60}
		{5F661CAA-245C-42AB-A585-839A88B51FD2} = {9FBF2326-6EE4-4BDC-A445-9E5BE663BF60}
		{552C1A5C-8598-4DD8-B53B-9CC12207B110} = {9FBF2326-6EE4-4BDC-A445-9E5BE663BF60}
		{DBBE04DB-925D-4B68-82E1-3D60D4A85065} = {9FBF2326-6EE4-4BDC-A445-9E5BE663BF60}
		{5CD6E8EF-9DE5-4844-8FA9-C64233F2A5BB} = {11B70084-7938-410E-8038-FCF6D66CCE26}
		{1CEE9292-6BC4-4067-AAD0-F84AB485C453} = {5CD6E8EF-9DE5-4844-8FA9-C64233F2A5BB}
		{6832BDE8-319C-4691-99F4-42BC8E8B930F} = {5CD6E8EF-9DE5-4844-8FA9-C64233F2A5BB}
		{70002D58-CE1B-4F78-A5FE-837C68712669} = {5CD6E8EF-9DE5-4844-8FA9-C64233F2A5BB}
		{C95CB3BF-5FD2-4DF1-A04B-B19F50FB9C39} = {5CD6E8EF-9DE5-4844-8FA9-C64233F2A5BB}
		{3EE31C53-D0FF-4DDF-BE7A-ED308CB96B4F} = {11B70084-7938-410E-8038-FCF6D66CCE26}
		{FA66DC31-CC70-451E-A287-53F460BB5529} = {3EE31C53-D0FF-4DDF-BE7A-ED308CB96B4F}
		{5B22F6DC-4FBC-43C1-A31B-314AEFEA3B4A} = {3EE31C53-D0FF-4DDF-BE7A-ED308CB96B4F}
		{1959FF8E-F7FA-4ED7-9408-811C8C6ADBF6} = {3EE31C53-D0FF-4DDF-BE7A-ED308CB96B4F}
		{FCA9838E-7CF3-4695-A0E7-4D9E4EA046A0} = {3EE31C53-D0FF-4DDF-BE7A-ED308CB96B4F}
		{A4EF5FF4-D30E-4B68-8577-1AB62EC6ABEF} = {11B70084-7938-410E-8038-FCF6D66CCE26}
		{0CE87704-28AC-45EE-885D-2B0825DDBC07} = {A4EF5FF4-D30E-4B68-8577-1AB62EC6ABEF}
		{ADA6F819-D9A3-4036-9717-B4994070DE02} = {A4EF5FF4-D30E-4B68-8577-1AB62EC6ABEF}
		{416B9076-769A-4195-B844-505CE67B7C26} = {A4EF5FF4-D30E-4B68-8577-1AB62EC6ABEF}
		{F885344B-196F-44C4-B52E-A093C94DB8C7} = {A4EF5FF4-D30E-4B68-8577-1AB62EC6ABEF}
		{52CDB022-A3E0-42D0-B452-E9B3BDF8BF0F} = {11B70084-7938-410E-8038-FCF6D66CCE26}
		{1CF99E4A-EA71-42FC-9F4D-6BF61CF50894} = {52CDB022-A3E0-42D0-B452-E9B3BDF8BF0F}
		{0418AD9A-D0F7-4219-B721-83FE95261B8C} = {52CDB022-A3E0-42D0-B452-E9B3BDF8BF0F}
		{18D3D0EB-A61D-4E2E-896E-F5B976FD25E2} = {52CDB022-A3E0-42D0-B452-E9B3BDF8BF0F}
		{170F2575-6F47-4DBD-81B9-94C59F5F88AA} = {52CDB022-A3E0-42D0-B452-E9B3BDF8BF0F}
		{B8151A54-0ABC-4E5D-BC4A-F5FD4CC5FC0C} = {11B70084-7938-410E-8038-FCF6D66CCE26}
		{7E20B996-EA3E-451F-A9E5-DA1F61D00DC7} = {B8151A54-0ABC-4E5D-BC4A-F5FD4CC5FC0C}
		{6EFCD445-13A1-4879-A9D3-560D17F6E760} = {B8151A54-0ABC-4E5D-BC4A-F5FD4CC5FC0C}
		{8C5C7720-9F60-4AC5-BA1A-DB0CEAA58DD0} = {B8151A54-0ABC-4E5D-BC4A-F5FD4CC5FC0C}
		{60C7F5A0-4530-46CF-8368-75578B167766} = {B8151A54-0ABC-4E5D-BC4A-F5FD4CC5FC0C}
		{874C191B-54CC-4B2C-984C-86238E61C2E1} = {11B70084-7938-410E-8038-FCF6D66CCE26}
		{567BF0F1-8E6C-4417-868C-ABCC7DA8DEBD} = {874C191B-54CC-4B2C-984C-86238E61C2E1}
		{A91D8DAC-7D9D-476F-BF66-1B6883DEDD7D} = {874C191B-54CC-4B2C-984C-86238E61C2E1}
		{75BFCFCB-A18D-4E0D-B006-B05DAD6721A1} = {874C191B-54CC-4B2C-984C-86238E61C2E1}
		{74AC2BCC-EE4D-4DC4-9ACD-D7AA7CA7A0BE} = {874C191B-54CC-4B2C-984C-86238E61C2E1}
		{5170FEE1-27FB-47FB-A58F-CE1CF5B15DC8} = {11B70084-7938-410E-8038-FCF6D66CCE26}
		{314AC2CF-9F6C-40BC-B829-C6677DF01874} = {5170FEE1-27FB-47FB-A58F-CE1CF5B15DC8}
		{826BCFF5-21D4-4019-B18C-BFD7A7F6D2BD} = {5170FEE1-27FB-47FB-A58F-CE1CF5B15DC8}
		{09702EF5-D4B5-4A14-AF74-5560E6CCF4FC} = {5170FEE1-27FB-47FB-A58F-CE1CF5B15DC8}
		{BAEBA33F-8B3E-4F0E-87FC-E29A30823AF1} = {5170FEE1-27FB-47FB-A58F-CE1CF5B15DC8}
		{CFA5587D-FECC-4B24-A1C8-69F76AAA4C58} = {11B70084-7938-410E-8038-FCF6D66CCE26}
		{B98A1D78-765D-42CA-A4C4-D37B5EDD5527} = {CFA5587D-FECC-4B24-A1C8-69F76AAA4C58}
		{5FD284A6-EB15-4EAE-9DAA-6450FFC4A16A} = {CFA5587D-FECC-4B24-A1C8-69F76AAA4C58}
		{C87B34FC-F2CA-49E4-B094-E7826BE69582} = {CFA5587D-FECC-4B24-A1C8-69F76AAA4C58}
		{7090F70B-E7F9-4D0C-8B81-E0373A0FB200} = {CFA5587D-FECC-4B24-A1C8-69F76AAA4C58}
		{BD7FC4AB-7901-4A9D-B919-56D7C0A69B30} = {11B70084-7938-410E-8038-FCF6D66CCE26}
		{65D1F48C-18F9-408F-B7F0-04579C644A7F} = {BD7FC4AB-7901-4A9D-B919-56D7C0A69B30}
		{62EAE150-B402-48E7-95FD-84CAB8EAD975} = {BD7FC4AB-7901-4A9D-B919-56D7C0A69B30}
		{06A04738-E5B6-4344-BDC6-71C8A1C6D33C} = {BD7FC4AB-7901-4A9D-B919-56D7C0A69B30}
		{95395765-9CB1-4650-9E3C-CF6FD12B4D93} = {BD7FC4AB-7901-4A9D-B919-56D7C0A69B30}
		{B945D042-F55F-4047-93DF-8438DF64C5A6} = {11B70084-7938-410E-8038-FCF6D66CCE26}
		{7DA3790E-D39B-4E9C-BABC-D06E5ABA63F6} = {B945D042-F55F-4047-93DF-8438DF64C5A6}
		{F04EF080-B6D4-4133-B807-99784210ADF5} = {B945D042-F55F-4047-93DF-8438DF64C5A6}
		{71C49DE0-5932-460C-82E1-59612C9F41E3} = {B945D042-F55F-4047-93DF-8438DF64C5A6}
		{934B9318-48C8-4CBA-9886-8493D00C2492} = {B945D042-F55F-4047-93DF-8438DF64C5A6}
		{60E44118-9071-42AC-81A5-DCC90FEB93B0} = {11B70084-7938-410E-8038-FCF6D66CCE26}
		{37479820-AB8E-444B-AAD0-B3DA8CDFDB97} = {60E44118-9071-42AC-81A5-DCC90FEB93B0}
		{32AC41EA-C101-45DE-A829-49B54734C21F} = {60E44118-9071-42AC-81A5-DCC90FEB93B0}
		{98D3D949-6C60-429D-A3F2-04925240A9F8} = {60E44118-9071-42AC-81A5-DCC90FEB93B0}
		{3A8F363E-0E21-4990-823A-A1673FC79137} = {60E44118-9071-42AC-81A5-DCC90FEB93B0}
		{F19C4982-3688-4777-AC1E-951B2546CA88} = {11B70084-7938-410E-8038-FCF6D66CCE26}
		{48E5BD92-FF09-49C2-AC7A-0959D64A0008} = {F19C4982-3688-4777-AC1E-951B2546CA88}
		{1F11B654-32E7-4B2F-BD28-9C55D03B921F} = {F19C4982-3688-4777-AC1E-951B2546CA88}
		{22310A9B-8135-45D7-A7CC-DB3FA6AAA8E6} = {F19C4982-3688-4777-AC1E-951B2546CA88}
		{1AE05ABC-F40B-49BC-8F77-7E9ECC194E8E} = {F19C4982-3688-4777-AC1E-951B2546CA88}
		{C6A66C88-FADA-4147-80D2-469199D40340} = {3F211ABF-35E8-47A0-A27E-B879B87BA948}
		{67557A88-6E34-493F-8036-8FC42B4CD8B6} = {6F0C7A7D-97FD-484C-ADD0-252E8188E616}
		{AC13BB22-225F-4A36-9BDE-A513C75C66A9} = {6F0C7A7D-97FD-484C-ADD0-252E8188E616}
		{C5454E7D-E467-4C6E-91BD-85C8EF45F5B4} = {6F0C7A7D-97FD-484C-ADD0-252E8188E616}
		{BE1BD6E6-EE14-4E72-A4E7-0CFBC183B7DA} = {6F0C7A7D-97FD-484C-ADD0-252E8188E616}
		{725A80B1-78B6-4B9E-898D-9F13E787852D} = {6F0C7A7D-97FD-484C-ADD0-252E8188E616}
		{25C4B4A5-D25B-489C-99D1-F7E60E82496F} = {6F0C7A7D-97FD-484C-ADD0-252E8188E616}
	EndGlobalSection
EndGlobal
