
Microsoft Visual Studio Solution File, Format Version 12.00
# Visual Studio Version 17
VisualStudioVersion = 17.0.31903.59
MinimumVisualStudioVersion = 10.0.40219.1
Project("{2150E333-8FDC-42A3-9474-1A3956D46DE8}") = "src", "src", "{3A5B8D10-6581-431D-A455-31277CF6755C}"
EndProject
Project("{2150E333-8FDC-42A3-9474-1A3956D46DE8}") = "SharedKernel", "SharedKernel", "{F0104060-5246-4CA7-BA73-969088E168EE}"
EndProject
Project("{FAE04EC0-301F-11D3-BF4B-00C04F79EFBC}") = "SharedKernel.Domain", "src\SharedKernel\SharedKernel.Domain\SharedKernel.Domain.csproj", "{E4A1E489-FDFD-437D-95D7-0FFF4B98FFAF}"
EndProject
Project("{FAE04EC0-301F-11D3-BF4B-00C04F79EFBC}") = "SharedKernel.Application", "src\SharedKernel\SharedKernel.Application\SharedKernel.Application.csproj", "{C2F727E3-4993-4EEC-9788-2DDDE033FD54}"
EndProject
Project("{FAE04EC0-301F-11D3-BF4B-00C04F79EFBC}") = "BuildingBlocks.Infrastructure", "src\BuildingBlocks.Infrastructure\BuildingBlocks.Infrastructure.csproj", "{A92851C3-492C-4BF0-84CB-07C76370D4CB}"
EndProject
Project("{2150E333-8FDC-42A3-9474-1A3956D46DE8}") = "Modules", "Modules", "{D62CC1F3-2902-4D8B-ACCF-744BF95AB71E}"
EndProject
Project("{2150E333-8FDC-42A3-9474-1A3956D46DE8}") = "Identity", "Identity", "{23F533EB-425D-4DBA-A330-2F4BF786E101}"
EndProject
Project("{FAE04EC0-301F-11D3-BF4B-00C04F79EFBC}") = "Identity.Domain", "src\Modules\Identity\Identity.Domain\Identity.Domain.csproj", "{216E7F17-864C-4349-A647-419379C402F6}"
EndProject
Project("{FAE04EC0-301F-11D3-BF4B-00C04F79EFBC}") = "Identity.Application", "src\Modules\Identity\Identity.Application\Identity.Application.csproj", "{765FF945-79BF-4F36-8772-B806865A441F}"
EndProject
Project("{FAE04EC0-301F-11D3-BF4B-00C04F79EFBC}") = "Identity.Infrastructure", "src\Modules\Identity\Identity.Infrastructure\Identity.Infrastructure.csproj", "{F1DCB64D-7703-46C2-BA06-66D33FE83D5F}"
EndProject
Project("{FAE04EC0-301F-11D3-BF4B-00C04F79EFBC}") = "Identity.Presentation", "src\Modules\Identity\Identity.Presentation\Identity.Presentation.csproj", "{2C13E12B-CD87-438B-81F3-99AA61D92D2D}"
EndProject
Project("{FAE04EC0-301F-11D3-BF4B-00C04F79EFBC}") = "ApiHost", "src\ApiHost\ApiHost.csproj", "{BD7A979B-A63E-4280-86F6-A3083734C456}"
EndProject
Project("{2150E333-8FDC-42A3-9474-1A3956D46DE8}") = "Solution Items", "Solution Items", "{8EC462FD-D22E-90A8-E5CE-7E832BA40C5D}"
	ProjectSection(SolutionItems) = preProject
		.dockerignore = .dockerignore
		.editorconfig = .editorconfig
		.gitignore = .gitignore
		Directory.Build.props = Directory.Build.props
		Directory.Packages.props = Directory.Packages.props
		docker-compose.yml = docker-compose.yml
		Dockerfile = Dockerfile
		global.json = global.json
		GlobalUsings.cs = GlobalUsings.cs
		LICENSE = LICENSE
		nuget.config = nuget.config
		README.md = README.md
	EndProjectSection
EndProject
Project("{2150E333-8FDC-42A3-9474-1A3956D46DE8}") = ".config", ".config", "{02EA681E-C7D8-13C7-8484-4AC65E1B71E8}"
	ProjectSection(SolutionItems) = preProject
		.config\dotnet-tools.json = .config\dotnet-tools.json
	EndProjectSection
EndProject
Project("{2150E333-8FDC-42A3-9474-1A3956D46DE8}") = "docs", "docs", "{201333EF-82C4-47BF-A7E6-177C5718827B}"
	ProjectSection(SolutionItems) = preProject
		docs\00-VERIXORA-MASTER-SPECIFICATION.md = docs\00-VERIXORA-MASTER-SPECIFICATION.md
		docs\01-REQUIREMENTS-ASSESSMENT.md = docs\01-REQUIREMENTS-ASSESSMENT.md
		docs\02-ARCHITECTURE-DECISIONS.md = docs\02-ARCHITECTURE-DECISIONS.md
		docs\BACKEND-USE-CASES-AND-TESTS.md = docs\BACKEND-USE-CASES-AND-TESTS.md
		docs\INCIDENT RESPONSE RUNBOOK.md = docs\INCIDENT RESPONSE RUNBOOK.md
		docs\NEXT-ACTIONS.md = docs\NEXT-ACTIONS.md
		docs\PROJECT-LOG.md = docs\PROJECT-LOG.md
		docs\README.md = docs\README.md
		docs\ROADMAP.md = docs\ROADMAP.md
		docs\VALIDATION-SCRIPT-REQUIREMENTS.md = docs\VALIDATION-SCRIPT-REQUIREMENTS.md
	EndProjectSection
EndProject
Project("{2150E333-8FDC-42A3-9474-1A3956D46DE8}") = "Project Tree", "Project Tree", "{7E827999-027B-490C-A999-04093AF7AA7C}"
	ProjectSection(SolutionItems) = preProject
		docs\Project Tree\VERIXORA BACKEND – COMPLETE FILE HIERARCHY (PART 1 OF 6).md = docs\Project Tree\VERIXORA BACKEND – COMPLETE FILE HIERARCHY (PART 1 OF 6).md
		docs\Project Tree\VERIXORA BACKEND – COMPLETE FILE HIERARCHY (PART 2 OF 6).md = docs\Project Tree\VERIXORA BACKEND – COMPLETE FILE HIERARCHY (PART 2 OF 6).md
		docs\Project Tree\VERIXORA BACKEND – COMPLETE FILE HIERARCHY (PART 3 OF 6).md = docs\Project Tree\VERIXORA BACKEND – COMPLETE FILE HIERARCHY (PART 3 OF 6).md
		docs\Project Tree\VERIXORA BACKEND – COMPLETE FILE HIERARCHY (PART 4 OF 6).md = docs\Project Tree\VERIXORA BACKEND – COMPLETE FILE HIERARCHY (PART 4 OF 6).md
		docs\Project Tree\VERIXORA BACKEND – COMPLETE FILE HIERARCHY (PART 5 OF 6).md = docs\Project Tree\VERIXORA BACKEND – COMPLETE FILE HIERARCHY (PART 5 OF 6).md
		docs\Project Tree\VERIXORA BACKEND – COMPLETE FILE HIERARCHY (PART 6 OF 6).md = docs\Project Tree\VERIXORA BACKEND – COMPLETE FILE HIERARCHY (PART 6 OF 6).md
	EndProjectSection
EndProject
Project("{2150E333-8FDC-42A3-9474-1A3956D46DE8}") = "Iterations", "Iterations", "{5205F68D-A8E2-4827-9360-8C1C4E15990A}"
	ProjectSection(SolutionItems) = preProject
		docs\Iterations\ITERATION-0.md = docs\Iterations\ITERATION-0.md
		docs\Iterations\ITERATION-1.md = docs\Iterations\ITERATION-1.md
		docs\Iterations\ITERATION-2.md = docs\Iterations\ITERATION-2.md
		docs\Iterations\ITERATION-3.md = docs\Iterations\ITERATION-3.md
		docs\Iterations\ITERATION-4.md = docs\Iterations\ITERATION-4.md
		docs\Iterations\ITERATION-5.md = docs\Iterations\ITERATION-5.md
		docs\Iterations\ITERATION-6.md = docs\Iterations\ITERATION-6.md
	EndProjectSection
EndProject
Project("{2150E333-8FDC-42A3-9474-1A3956D46DE8}") = "Domain", "Domain", "{E0AED7AF-62D3-426C-A3EA-DBF75F7040DF}"
	ProjectSection(SolutionItems) = preProject
		docs\Domain\Error-Code-Standards.md = docs\Domain\Error-Code-Standards.md
		docs\Domain\Usage-Patterns.md = docs\Domain\Usage-Patterns.md
		docs\Domain\User-Aggregate-Root-Design.md = docs\Domain\User-Aggregate-Root-Design.md
	EndProjectSection
EndProject
Global
	GlobalSection(SolutionConfigurationPlatforms) = preSolution
		Debug|Any CPU = Debug|Any CPU
		Release|Any CPU = Release|Any CPU
	EndGlobalSection
	GlobalSection(ProjectConfigurationPlatforms) = postSolution
		{E4A1E489-FDFD-437D-95D7-0FFF4B98FFAF}.Debug|Any CPU.ActiveCfg = Debug|Any CPU
		{E4A1E489-FDFD-437D-95D7-0FFF4B98FFAF}.Debug|Any CPU.Build.0 = Debug|Any CPU
		{E4A1E489-FDFD-437D-95D7-0FFF4B98FFAF}.Release|Any CPU.ActiveCfg = Release|Any CPU
		{E4A1E489-FDFD-437D-95D7-0FFF4B98FFAF}.Release|Any CPU.Build.0 = Release|Any CPU
		{C2F727E3-4993-4EEC-9788-2DDDE033FD54}.Debug|Any CPU.ActiveCfg = Debug|Any CPU
		{C2F727E3-4993-4EEC-9788-2DDDE033FD54}.Debug|Any CPU.Build.0 = Debug|Any CPU
		{C2F727E3-4993-4EEC-9788-2DDDE033FD54}.Release|Any CPU.ActiveCfg = Release|Any CPU
		{C2F727E3-4993-4EEC-9788-2DDDE033FD54}.Release|Any CPU.Build.0 = Release|Any CPU
		{A92851C3-492C-4BF0-84CB-07C76370D4CB}.Debug|Any CPU.ActiveCfg = Debug|Any CPU
		{A92851C3-492C-4BF0-84CB-07C76370D4CB}.Debug|Any CPU.Build.0 = Debug|Any CPU
		{A92851C3-492C-4BF0-84CB-07C76370D4CB}.Release|Any CPU.ActiveCfg = Release|Any CPU
		{A92851C3-492C-4BF0-84CB-07C76370D4CB}.Release|Any CPU.Build.0 = Release|Any CPU
		{216E7F17-864C-4349-A647-419379C402F6}.Debug|Any CPU.ActiveCfg = Debug|Any CPU
		{216E7F17-864C-4349-A647-419379C402F6}.Debug|Any CPU.Build.0 = Debug|Any CPU
		{216E7F17-864C-4349-A647-419379C402F6}.Release|Any CPU.ActiveCfg = Release|Any CPU
		{216E7F17-864C-4349-A647-419379C402F6}.Release|Any CPU.Build.0 = Release|Any CPU
		{765FF945-79BF-4F36-8772-B806865A441F}.Debug|Any CPU.ActiveCfg = Debug|Any CPU
		{765FF945-79BF-4F36-8772-B806865A441F}.Debug|Any CPU.Build.0 = Debug|Any CPU
		{765FF945-79BF-4F36-8772-B806865A441F}.Release|Any CPU.ActiveCfg = Release|Any CPU
		{765FF945-79BF-4F36-8772-B806865A441F}.Release|Any CPU.Build.0 = Release|Any CPU
		{F1DCB64D-7703-46C2-BA06-66D33FE83D5F}.Debug|Any CPU.ActiveCfg = Debug|Any CPU
		{F1DCB64D-7703-46C2-BA06-66D33FE83D5F}.Debug|Any CPU.Build.0 = Debug|Any CPU
		{F1DCB64D-7703-46C2-BA06-66D33FE83D5F}.Release|Any CPU.ActiveCfg = Release|Any CPU
		{F1DCB64D-7703-46C2-BA06-66D33FE83D5F}.Release|Any CPU.Build.0 = Release|Any CPU
		{2C13E12B-CD87-438B-81F3-99AA61D92D2D}.Debug|Any CPU.ActiveCfg = Debug|Any CPU
		{2C13E12B-CD87-438B-81F3-99AA61D92D2D}.Debug|Any CPU.Build.0 = Debug|Any CPU
		{2C13E12B-CD87-438B-81F3-99AA61D92D2D}.Release|Any CPU.ActiveCfg = Release|Any CPU
		{2C13E12B-CD87-438B-81F3-99AA61D92D2D}.Release|Any CPU.Build.0 = Release|Any CPU
		{BD7A979B-A63E-4280-86F6-A3083734C456}.Debug|Any CPU.ActiveCfg = Debug|Any CPU
		{BD7A979B-A63E-4280-86F6-A3083734C456}.Debug|Any CPU.Build.0 = Debug|Any CPU
		{BD7A979B-A63E-4280-86F6-A3083734C456}.Release|Any CPU.ActiveCfg = Release|Any CPU
		{BD7A979B-A63E-4280-86F6-A3083734C456}.Release|Any CPU.Build.0 = Release|Any CPU
	EndGlobalSection
	GlobalSection(SolutionProperties) = preSolution
		HideSolutionNode = FALSE
	EndGlobalSection
	GlobalSection(NestedProjects) = preSolution
		{F0104060-5246-4CA7-BA73-969088E168EE} = {3A5B8D10-6581-431D-A455-31277CF6755C}
		{E4A1E489-FDFD-437D-95D7-0FFF4B98FFAF} = {F0104060-5246-4CA7-BA73-969088E168EE}
		{C2F727E3-4993-4EEC-9788-2DDDE033FD54} = {F0104060-5246-4CA7-BA73-969088E168EE}
		{A92851C3-492C-4BF0-84CB-07C76370D4CB} = {3A5B8D10-6581-431D-A455-31277CF6755C}
		{D62CC1F3-2902-4D8B-ACCF-744BF95AB71E} = {3A5B8D10-6581-431D-A455-31277CF6755C}
		{23F533EB-425D-4DBA-A330-2F4BF786E101} = {D62CC1F3-2902-4D8B-ACCF-744BF95AB71E}
		{216E7F17-864C-4349-A647-419379C402F6} = {23F533EB-425D-4DBA-A330-2F4BF786E101}
		{765FF945-79BF-4F36-8772-B806865A441F} = {23F533EB-425D-4DBA-A330-2F4BF786E101}
		{F1DCB64D-7703-46C2-BA06-66D33FE83D5F} = {23F533EB-425D-4DBA-A330-2F4BF786E101}
		{2C13E12B-CD87-438B-81F3-99AA61D92D2D} = {23F533EB-425D-4DBA-A330-2F4BF786E101}
		{BD7A979B-A63E-4280-86F6-A3083734C456} = {3A5B8D10-6581-431D-A455-31277CF6755C}
		{7E827999-027B-490C-A999-04093AF7AA7C} = {201333EF-82C4-47BF-A7E6-177C5718827B}
		{5205F68D-A8E2-4827-9360-8C1C4E15990A} = {201333EF-82C4-47BF-A7E6-177C5718827B}
		{E0AED7AF-62D3-426C-A3EA-DBF75F7040DF} = {201333EF-82C4-47BF-A7E6-177C5718827B}
	EndGlobalSection
	GlobalSection(ExtensibilityGlobals) = postSolution
		SolutionGuid = {3F6FDF02-DF1A-49ED-AA93-C0B48D2F266E}
	EndGlobalSection
EndGlobal
